
Microsoft Visual Studio Solution File, Format Version 12.00
# Visual Studio Version 17
VisualStudioVersion = 17.7.34024.191
MinimumVisualStudioVersion = 10.0.40219.1
Project("{FAE04EC0-301F-11D3-BF4B-00C04F79EFBC}") = "UnitTestingEx1", "UnitTestingEx1\UnitTestingEx1.csproj", "{E1C41BB5-616E-4405-B0EF-BCE94F7FB230}"
EndProject
Project("{FAE04EC0-301F-11D3-BF4B-00C04F79EFBC}") = "Utilities", "Utilities\Utilities.csproj", "{384751B2-8D7B-43F4-A5D1-CA5F9411734A}"
EndProject
Project("{FAE04EC0-301F-11D3-BF4B-00C04F79EFBC}") = "Exercise1", "TrainSystem\Exercise1.csproj", "{5DADE989-FBE7-4217-AA22-E6317EE8CADB}"
EndProject
Global
	GlobalSection(SolutionConfigurationPlatforms) = preSolution
		Debug|Any CPU = Debug|Any CPU
		Release|Any CPU = Release|Any CPU
	EndGlobalSection
	GlobalSection(ProjectConfigurationPlatforms) = postSolution
		{E1C41BB5-616E-4405-B0EF-BCE94F7FB230}.Debug|Any CPU.ActiveCfg = Debug|Any CPU
		{E1C41BB5-616E-4405-B0EF-BCE94F7FB230}.Debug|Any CPU.Build.0 = Debug|Any CPU
		{E1C41BB5-616E-4405-B0EF-BCE94F7FB230}.Release|Any CPU.ActiveCfg = Release|Any CPU
		{E1C41BB5-616E-4405-B0EF-BCE94F7FB230}.Release|Any CPU.Build.0 = Release|Any CPU
		{384751B2-8D7B-43F4-A5D1-CA5F9411734A}.Debug|Any CPU.ActiveCfg = Debug|Any CPU
		{384751B2-8D7B-43F4-A5D1-CA5F9411734A}.Debug|Any CPU.Build.0 = Debug|Any CPU
		{384751B2-8D7B-43F4-A5D1-CA5F9411734A}.Release|Any CPU.ActiveCfg = Release|Any CPU
		{384751B2-8D7B-43F4-A5D1-CA5F9411734A}.Release|Any CPU.Build.0 = Release|Any CPU
		{5DADE989-FBE7-4217-AA22-E6317EE8CADB}.Debug|Any CPU.ActiveCfg = Debug|Any CPU
		{5DADE989-FBE7-4217-AA22-E6317EE8CADB}.Debug|Any CPU.Build.0 = Debug|Any CPU
		{5DADE989-FBE7-4217-AA22-E6317EE8CADB}.Release|Any CPU.ActiveCfg = Release|Any CPU
		{5DADE989-FBE7-4217-AA22-E6317EE8CADB}.Release|Any CPU.Build.0 = Release|Any CPU
	EndGlobalSection
	GlobalSection(SolutionProperties) = preSolution
		HideSolutionNode = FALSE
	EndGlobalSection
	GlobalSection(ExtensibilityGlobals) = postSolution
		SolutionGuid = {EAE5DF12-CE55-40C8-8286-180BA8E46289}
	EndGlobalSection
EndGlobal
