
Microsoft Visual Studio Solution File, Format Version 12.00
# Visual Studio Version 17
VisualStudioVersion = 17.7.34024.191
MinimumVisualStudioVersion = 10.0.40219.1
Project("{9A19103F-16F7-4668-BE54-9A1E7A4F7556}") = "HockeyData", "HockeyData\HockeyData.csproj", "{52EE48BE-8D5F-48F8-B313-37B758260B02}"
EndProject
Project("{9A19103F-16F7-4668-BE54-9A1E7A4F7556}") = "HockeyConsoleApp", "HockeyConsoleApp\HockeyConsoleApp.csproj", "{588E7AB0-2A6F-4324-9147-FAFE70F0749A}"
EndProject
Project("{9A19103F-16F7-4668-BE54-9A1E7A4F7556}") = "Utilities", "Utilities\Utilities.csproj", "{465D3DF4-484A-4266-A902-4656A1F24653}"
EndProject
Project("{9A19103F-16F7-4668-BE54-9A1E7A4F7556}") = "HockeyTestProject", "HockeyTestProject\HockeyTestProject.csproj", "{AAA7B251-F7D3-4019-A7C0-B9740F082A67}"
EndProject
Project("{9A19103F-16F7-4668-BE54-9A1E7A4F7556}") = "UtilitiesTestProject", "UtilitiesTestProject\UtilitiesTestProject.csproj", "{35601402-E700-450E-83BA-0CB7A4F961BD}"
EndProject
Project("{9A19103F-16F7-4668-BE54-9A1E7A4F7556}") = "BlazorSampleApp", "BlazorSampleApp\BlazorSampleApp.csproj", "{6E9BC808-DE7C-400C-9546-9EFB271CD3C0}"
EndProject
Global
	GlobalSection(SolutionConfigurationPlatforms) = preSolution
		Debug|Any CPU = Debug|Any CPU
		Release|Any CPU = Release|Any CPU
	EndGlobalSection
	GlobalSection(ProjectConfigurationPlatforms) = postSolution
		{52EE48BE-8D5F-48F8-B313-37B758260B02}.Debug|Any CPU.ActiveCfg = Debug|Any CPU
		{52EE48BE-8D5F-48F8-B313-37B758260B02}.Debug|Any CPU.Build.0 = Debug|Any CPU
		{52EE48BE-8D5F-48F8-B313-37B758260B02}.Release|Any CPU.ActiveCfg = Release|Any CPU
		{52EE48BE-8D5F-48F8-B313-37B758260B02}.Release|Any CPU.Build.0 = Release|Any CPU
		{588E7AB0-2A6F-4324-9147-FAFE70F0749A}.Debug|Any CPU.ActiveCfg = Debug|Any CPU
		{588E7AB0-2A6F-4324-9147-FAFE70F0749A}.Debug|Any CPU.Build.0 = Debug|Any CPU
		{588E7AB0-2A6F-4324-9147-FAFE70F0749A}.Release|Any CPU.ActiveCfg = Release|Any CPU
		{588E7AB0-2A6F-4324-9147-FAFE70F0749A}.Release|Any CPU.Build.0 = Release|Any CPU
		{465D3DF4-484A-4266-A902-4656A1F24653}.Debug|Any CPU.ActiveCfg = Debug|Any CPU
		{465D3DF4-484A-4266-A902-4656A1F24653}.Debug|Any CPU.Build.0 = Debug|Any CPU
		{465D3DF4-484A-4266-A902-4656A1F24653}.Release|Any CPU.ActiveCfg = Release|Any CPU
		{465D3DF4-484A-4266-A902-4656A1F24653}.Release|Any CPU.Build.0 = Release|Any CPU
		{AAA7B251-F7D3-4019-A7C0-B9740F082A67}.Debug|Any CPU.ActiveCfg = Debug|Any CPU
		{AAA7B251-F7D3-4019-A7C0-B9740F082A67}.Debug|Any CPU.Build.0 = Debug|Any CPU
		{AAA7B251-F7D3-4019-A7C0-B9740F082A67}.Release|Any CPU.ActiveCfg = Release|Any CPU
		{AAA7B251-F7D3-4019-A7C0-B9740F082A67}.Release|Any CPU.Build.0 = Release|Any CPU
		{35601402-E700-450E-83BA-0CB7A4F961BD}.Debug|Any CPU.ActiveCfg = Debug|Any CPU
		{35601402-E700-450E-83BA-0CB7A4F961BD}.Debug|Any CPU.Build.0 = Debug|Any CPU
		{35601402-E700-450E-83BA-0CB7A4F961BD}.Release|Any CPU.ActiveCfg = Release|Any CPU
		{35601402-E700-450E-83BA-0CB7A4F961BD}.Release|Any CPU.Build.0 = Release|Any CPU
		{6E9BC808-DE7C-400C-9546-9EFB271CD3C0}.Debug|Any CPU.ActiveCfg = Debug|Any CPU
		{6E9BC808-DE7C-400C-9546-9EFB271CD3C0}.Debug|Any CPU.Build.0 = Debug|Any CPU
		{6E9BC808-DE7C-400C-9546-9EFB271CD3C0}.Release|Any CPU.ActiveCfg = Release|Any CPU
		{6E9BC808-DE7C-400C-9546-9EFB271CD3C0}.Release|Any CPU.Build.0 = Release|Any CPU
	EndGlobalSection
	GlobalSection(SolutionProperties) = preSolution
		HideSolutionNode = FALSE
	EndGlobalSection
	GlobalSection(ExtensibilityGlobals) = postSolution
		SolutionGuid = {ED443A94-5E87-45FB-BB8E-6E11FF2E1242}
	EndGlobalSection
EndGlobal
